[[package]]
name = "alabaster"
version = "0.7.12"
description = "A configurable sidebar-enabled Sphinx theme"
category = "dev"
optional = false
python-versions = "*"

[[package]]
name = "appdirs"
version = "1.4.4"
description = "A small Python module for determining appropriate platform-specific dirs, e.g. a \"user data dir\"."
category = "dev"
optional = false
python-versions = "*"

[[package]]
name = "atomicwrites"
version = "1.4.1"
description = "Atomic file writes."
category = "dev"
optional = true
python-versions = ">=2.7, !=3.0.*, !=3.1.*, !=3.2.*, !=3.3.*"

[[package]]
name = "attrs"
version = "22.1.0"
description = "Classes Without Boilerplate"
category = "dev"
optional = true
python-versions = ">=3.5"

[package.extras]
dev = ["coverage[toml] (>=5.0.2)", "hypothesis", "pympler", "pytest (>=4.3.0)", "mypy (>=0.900,!=0.940)", "pytest-mypy-plugins", "zope-interface", "furo", "sphinx", "sphinx-notfound-page", "pre-commit", "cloudpickle"]
docs = ["furo", "sphinx", "zope-interface", "sphinx-notfound-page"]
tests = ["coverage[toml] (>=5.0.2)", "hypothesis", "pympler", "pytest (>=4.3.0)", "mypy (>=0.900,!=0.940)", "pytest-mypy-plugins", "zope-interface", "cloudpickle"]
tests_no_zope = ["coverage[toml] (>=5.0.2)", "hypothesis", "pympler", "pytest (>=4.3.0)", "mypy (>=0.900,!=0.940)", "pytest-mypy-plugins", "cloudpickle"]

[[package]]
name = "autopep8"
version = "1.6.0"
description = "A tool that automatically formats Python code to conform to the PEP 8 style guide"
category = "dev"
optional = false
python-versions = "*"

[package.dependencies]
pycodestyle = ">=2.8.0"
toml = "*"

[[package]]
name = "babel"
version = "2.10.3"
description = "Internationalization utilities"
category = "dev"
optional = false
python-versions = ">=3.6"

[package.dependencies]
pytz = ">=2015.7"

[[package]]
name = "backports-zoneinfo"
version = "0.2.1"
description = "Backport of the standard library zoneinfo module"
category = "dev"
optional = true
python-versions = ">=3.6"

[package.extras]
tzdata = ["tzdata"]

[[package]]
name = "beautifulsoup4"
version = "4.11.1"
description = "Screen-scraping library"
category = "dev"
optional = false
python-versions = ">=3.6.0"

[package.dependencies]
soupsieve = ">1.2"

[package.extras]
html5lib = ["html5lib"]
lxml = ["lxml"]

[[package]]
name = "better-exceptions"
version = "0.3.3"
description = "Pretty and helpful exceptions, automatically"
category = "dev"
optional = true
python-versions = "*"

[package.dependencies]
colorama = {version = "*", markers = "sys_platform == \"win32\""}

[[package]]
name = "black"
version = "21.5b2"
description = "The uncompromising code formatter."
category = "dev"
optional = false
python-versions = ">=3.6.2"

[package.dependencies]
appdirs = "*"
click = ">=7.1.2"
mypy-extensions = ">=0.4.3"
pathspec = ">=0.8.1,<1"
regex = ">=2020.1.8"
toml = ">=0.10.1"
typed-ast = {version = ">=1.4.2", markers = "python_version < \"3.8\""}
typing-extensions = {version = ">=3.7.4", markers = "python_version < \"3.8\""}

[package.extras]
colorama = ["colorama (>=0.4.3)"]
d = ["aiohttp (>=3.6.0)", "aiohttp-cors (>=0.4.0)"]
python2 = ["typed-ast (>=1.4.2)"]
uvloop = ["uvloop (>=0.15.2)"]

[[package]]
name = "cachetools"
version = "5.2.0"
description = "Extensible memoizing collections and decorators"
category = "dev"
optional = false
python-versions = "~=3.7"

[[package]]
name = "cairocffi"
version = "1.3.0"
description = "cffi-based cairo bindings for Python"
category = "dev"
optional = true
python-versions = ">=3.7"

[package.dependencies]
cffi = ">=1.1.0"

[package.extras]
xcb = ["xcffib (>=0.3.2)"]
test = ["pytest-isort", "pytest-flake8", "pytest-cov", "pytest-runner"]
doc = ["sphinx-rtd-theme", "sphinx"]

[[package]]
name = "cairosvg"
version = "2.5.2"
description = "A Simple SVG Converter based on Cairo"
category = "dev"
optional = true
python-versions = ">=3.5"

[package.dependencies]
cairocffi = "*"
cssselect2 = "*"
defusedxml = "*"
pillow = "*"
tinycss2 = "*"

[package.extras]
doc = ["sphinx", "sphinx-rtd-theme"]
test = ["pytest-runner", "pytest-cov", "pytest-flake8", "pytest-isort"]

[[package]]
name = "certifi"
version = "2022.6.15"
description = "Python package for providing Mozilla's CA Bundle."
category = "dev"
optional = false
python-versions = ">=3.6"

[[package]]
name = "cffi"
version = "1.15.1"
description = "Foreign Function Interface for Python calling C code."
category = "dev"
optional = false
python-versions = "*"

[package.dependencies]
pycparser = "*"

[[package]]
name = "cfgv"
version = "3.3.1"
description = "Validate configuration and produce human readable error messages."
category = "dev"
optional = false
python-versions = ">=3.6.1"

[[package]]
name = "chardet"
version = "4.0.0"
description = "Universal encoding detector for Python 2 and 3"
category = "dev"
optional = false
python-versions = ">=2.7, !=3.0.*, !=3.1.*, !=3.2.*, !=3.3.*, !=3.4.*"

[[package]]
name = "click"
version = "7.1.2"
description = "Composable command line interface toolkit"
category = "dev"
optional = false
python-versions = ">=2.7, !=3.0.*, !=3.1.*, !=3.2.*, !=3.3.*, !=3.4.*"

[[package]]
name = "click-spinner"
version = "0.1.10"
description = "Spinner for Click"
category = "dev"
optional = false
python-versions = "*"

[package.extras]
test = ["six", "pytest", "click"]

[[package]]
name = "colorama"
version = "0.4.5"
description = "Cross-platform colored terminal text."
category = "dev"
optional = false
python-versions = ">=2.7, !=3.0.*, !=3.1.*, !=3.2.*, !=3.3.*, !=3.4.*"

[[package]]
name = "colorlog"
version = "5.0.1"
description = "Add colours to the output of Python's logging module."
category = "dev"
optional = false
python-versions = "*"

[package.dependencies]
colorama = {version = "*", markers = "sys_platform == \"win32\""}

[[package]]
name = "cryptography"
version = "36.0.2"
description = "cryptography is a package which provides cryptographic recipes and primitives to Python developers."
category = "dev"
optional = false
python-versions = ">=3.6"

[package.dependencies]
cffi = ">=1.12"

[package.extras]
docs = ["sphinx (>=1.6.5,!=1.8.0,!=3.1.0,!=3.1.1)", "sphinx-rtd-theme"]
docstest = ["pyenchant (>=1.6.11)", "twine (>=1.12.0)", "sphinxcontrib-spelling (>=4.0.1)"]
pep8test = ["black", "flake8", "flake8-import-order", "pep8-naming"]
sdist = ["setuptools_rust (>=0.11.4)"]
ssh = ["bcrypt (>=3.1.5)"]
test = ["pytest (>=6.2.0)", "pytest-cov", "pytest-subtests", "pytest-xdist", "pretend", "iso8601", "pytz", "hypothesis (>=1.11.4,!=3.79.2)"]

[[package]]
name = "cssselect"
version = "1.1.0"
description = "cssselect parses CSS3 Selectors and translates them to XPath 1.0"
category = "dev"
optional = false
python-versions = ">=2.7, !=3.0.*, !=3.1.*, !=3.2.*, !=3.3.*"

[[package]]
name = "cssselect2"
version = "0.6.0"
description = "CSS selectors for Python ElementTree"
category = "dev"
optional = true
python-versions = ">=3.7"

[package.dependencies]
tinycss2 = "*"
webencodings = "*"

[package.extras]
test = ["coverage", "pytest-isort", "pytest-flake8", "pytest-cov", "pytest"]
doc = ["sphinx-rtd-theme", "sphinx"]

[[package]]
name = "dataclasses"
version = "0.6"
description = "A backport of the dataclasses module for Python 3.6"
category = "dev"
optional = true
python-versions = "*"

[[package]]
name = "datadog-api-client"
version = "1.12"
description = "Collection of all Datadog Public endpoints"
category = "dev"
optional = true
python-versions = ">=3.7"

[package.dependencies]
certifi = "*"
python-dateutil = "*"
urllib3 = ">=1.15"

[package.extras]
apm = ["ddtrace (>=1.0.0rc1)"]
async = ["aiosonic"]
tests = ["aiosonic", "glom", "jinja2", "pytest", "pytest-bdd (>=5.0.0)", "pytest-asyncio", "pytest-randomly", "pytest-recording", "python-dateutil", "mypy", "types-python-dateutil"]

[[package]]
name = "dateparser"
version = "1.1.1"
description = "Date parsing library designed to parse dates from HTML pages"
category = "dev"
optional = true
python-versions = ">=3.5"

[package.dependencies]
python-dateutil = "*"
pytz = "*"
regex = "<2019.02.19 || >2019.02.19,<2021.8.27 || >2021.8.27,<2022.3.15"
tzlocal = "*"

[package.extras]
langdetect = ["langdetect"]
fasttext = ["fasttext"]
calendars = ["convertdate", "hijri-converter", "convertdate"]

[[package]]
name = "defusedxml"
version = "0.7.1"
description = "XML bomb protection for Python stdlib modules"
category = "dev"
optional = true
python-versions = ">=2.7, !=3.0.*, !=3.1.*, !=3.2.*, !=3.3.*, !=3.4.*"

[[package]]
name = "deprecation"
version = "2.1.0"
description = "A library to handle automated deprecations"
category = "dev"
optional = true
python-versions = "*"

[package.dependencies]
packaging = "*"

[[package]]
name = "distlib"
version = "0.3.5"
description = "Distribution utilities"
category = "dev"
optional = false
python-versions = "*"

[[package]]
name = "docutils"
version = "0.17.1"
description = "Docutils -- Python Documentation Utilities"
category = "dev"
optional = false
python-versions = ">=2.7, !=3.0.*, !=3.1.*, !=3.2.*, !=3.3.*, !=3.4.*"

[[package]]
name = "dpath"
version = "2.0.6"
description = "Filesystem-like pathing and searching for dictionaries"
category = "dev"
optional = false
python-versions = ">=3"

[[package]]
name = "dulwich"
version = "0.20.28"
description = "Python Git Library"
category = "dev"
optional = true
python-versions = ">=3.6"

[package.dependencies]
certifi = "*"
urllib3 = ">=1.24.1"

[package.extras]
fastimport = ["fastimport"]
https = ["urllib3[secure] (>=1.24.1)"]
pgp = ["gpg"]
watch = ["pyinotify"]

[[package]]
name = "filelock"
version = "3.7.1"
description = "A platform independent file lock."
category = "dev"
optional = false
python-versions = ">=3.7"

[package.extras]
docs = ["furo (>=2021.8.17b43)", "sphinx (>=4.1)", "sphinx-autodoc-typehints (>=1.12)"]
testing = ["covdefaults (>=1.2.0)", "coverage (>=4)", "pytest (>=4)", "pytest-cov", "pytest-timeout (>=1.4.2)"]

[[package]]
name = "flask"
version = "1.1.4"
description = "A simple framework for building complex web applications."
category = "dev"
optional = true
python-versions = ">=2.7, !=3.0.*, !=3.1.*, !=3.2.*, !=3.3.*, !=3.4.*"

[package.dependencies]
click = ">=5.1,<8.0"
itsdangerous = ">=0.24,<2.0"
Jinja2 = ">=2.10.1,<3.0"
Werkzeug = ">=0.15,<2.0"

[package.extras]
dotenv = ["python-dotenv"]
docs = ["sphinx-issues", "sphinxcontrib-log-cabinet", "pallets-sphinx-themes", "sphinx"]
dev = ["sphinx-issues", "sphinxcontrib-log-cabinet", "pallets-sphinx-themes", "sphinx", "tox", "coverage", "pytest"]

[[package]]
name = "furo"
version = "2021.11.23"
description = "A clean customisable Sphinx documentation theme."
category = "dev"
optional = false
python-versions = ">=3.6"

[package.dependencies]
beautifulsoup4 = "*"
pygments = ">=2.7,<3.0"
sphinx = ">=4.0,<5.0"

[package.extras]
test = ["pytest", "pytest-cov", "pytest-xdist"]
doc = ["myst-parser", "sphinx-copybutton", "sphinx-design", "sphinx-inline-tabs"]

[[package]]
name = "google-auth"
version = "2.10.0"
description = "Google Authentication Library"
category = "dev"
optional = false
python-versions = ">=2.7,!=3.0.*,!=3.1.*,!=3.2.*,!=3.3.*,!=3.4.*,!=3.5.*"

[package.dependencies]
cachetools = ">=2.0.0,<6.0"
pyasn1-modules = ">=0.2.1"
rsa = {version = ">=3.1.4,<5", markers = "python_version >= \"3.6\""}
six = ">=1.9.0"

[package.extras]
aiohttp = ["requests (>=2.20.0,<3.0.0dev)", "aiohttp (>=3.6.2,<4.0.0dev)"]
enterprise_cert = ["cryptography (==36.0.2)", "pyopenssl (==22.0.0)"]
pyopenssl = ["pyopenssl (>=20.0.0)"]
reauth = ["pyu2f (>=0.1.5)"]

[[package]]
name = "gotrue"
version = "0.2.0"
description = "Python Client Library for GoTrue"
category = "dev"
optional = true
python-versions = ">=3.7"

[[package]]
name = "grafana-api"
version = "1.0.3"
description = "Yet another Python library for Grafana API"
category = "dev"
optional = true
python-versions = ">=3.6"

[package.dependencies]
requests = ">=2.23.0"

[package.extras]
test = ["requests-mock (>=1.8.0)", "unittest-xml-reporting (>=3.0.0)", "coverage (>=5.2.0)", "codecov (>=2.1.0)"]

[[package]]
name = "h11"
version = "0.13.0"
description = "A pure-Python, bring-your-own-I/O implementation of HTTP/1.1"
category = "dev"
optional = true
python-versions = ">=3.6"

[package.dependencies]
typing-extensions = {version = "*", markers = "python_version < \"3.8\""}

[[package]]
name = "hikaru"
version = "0.5.1b0"
description = "Hikaru allows you to smoothly move between Kubernetes YAML, Python objects, and Python source, in any direction"
category = "dev"
optional = false
python-versions = "*"

[package.dependencies]
autopep8 = ">=1.5.5"
black = ">=20.8b1,<=21.5b2"
kubernetes = "12.0.1"
"ruamel.yaml" = ">=0.16.12"

[[package]]
name = "httpcore"
version = "0.12.3"
description = "A minimal low-level HTTP client."
category = "dev"
optional = true
python-versions = ">=3.6"

[package.dependencies]
h11 = "<1.0.0"
sniffio = ">=1.0.0,<2.0.0"

[package.extras]
http2 = ["h2 (>=3,<5)"]

[[package]]
name = "httpx"
version = "0.16.1"
description = "The next generation HTTP client."
category = "dev"
optional = true
python-versions = ">=3.6"

[package.dependencies]
certifi = "*"
httpcore = ">=0.12.0,<0.13.0"
rfc3986 = {version = ">=1.3,<2", extras = ["idna2008"]}
sniffio = "*"

[package.extras]
brotli = ["brotlipy (>=0.7.0,<0.8.0)"]
http2 = ["h2 (>=3.0.0,<4.0.0)"]

[[package]]
name = "humanize"
version = "3.14.0"
description = "Python humanize utilities"
category = "dev"
optional = false
python-versions = ">=3.6"

[package.dependencies]
importlib-metadata = {version = "*", markers = "python_version < \"3.8\""}

[package.extras]
tests = ["freezegun", "pytest", "pytest-cov"]

[[package]]
name = "identify"
version = "2.5.3"
description = "File identification library for Python"
category = "dev"
optional = false
python-versions = ">=3.7"

[package.extras]
license = ["ukkonen"]

[[package]]
name = "idna"
version = "2.10"
description = "Internationalized Domain Names in Applications (IDNA)"
category = "dev"
optional = false
python-versions = ">=2.7, !=3.0.*, !=3.1.*, !=3.2.*, !=3.3.*"

[[package]]
name = "imagesize"
version = "1.4.1"
description = "Getting image size from png/jpeg/jpeg2000/gif file"
category = "dev"
optional = false
python-versions = ">=2.7, !=3.0.*, !=3.1.*, !=3.2.*, !=3.3.*"

[[package]]
name = "importlib-metadata"
version = "4.12.0"
description = "Read metadata from Python packages"
category = "dev"
optional = false
python-versions = ">=3.7"

[package.dependencies]
typing-extensions = {version = ">=3.6.4", markers = "python_version < \"3.8\""}
zipp = ">=0.5"

[package.extras]
docs = ["sphinx", "jaraco.packaging (>=9)", "rst.linker (>=1.9)"]
perf = ["ipython"]
testing = ["pytest (>=6)", "pytest-checkdocs (>=2.4)", "pytest-flake8", "pytest-cov", "pytest-enabler (>=1.3)", "packaging", "pyfakefs", "flufl-flake8", "pytest-perf (>=0.9.2)", "pytest-black (>=0.3.7)", "pytest-mypy (>=0.9.1)", "importlib-resources (>=1.3)"]

[[package]]
name = "iniconfig"
version = "1.1.1"
description = "iniconfig: brain-dead simple config-ini parsing"
category = "dev"
optional = true
python-versions = "*"

[[package]]
name = "itsdangerous"
version = "1.1.0"
description = "Various helpers to pass data to untrusted environments and back."
category = "dev"
optional = true
python-versions = ">=2.7, !=3.0.*, !=3.1.*, !=3.2.*, !=3.3.*"

[[package]]
name = "jinja2"
version = "2.11.3"
description = "A very fast and expressive template engine."
category = "dev"
optional = false
python-versions = ">=2.7, !=3.0.*, !=3.1.*, !=3.2.*, !=3.3.*, !=3.4.*"

[package.dependencies]
MarkupSafe = ">=0.23"

[package.extras]
i18n = ["Babel (>=0.8)"]

[[package]]
name = "jsonref"
version = "0.2"
description = "An implementation of JSON Reference for Python"
category = "dev"
optional = false
python-versions = "*"

[[package]]
name = "kafka-python"
version = "2.0.2"
description = "Pure Python client for Apache Kafka"
category = "dev"
optional = true
python-versions = "*"

[package.extras]
crc32c = ["crc32c"]

[[package]]
name = "kubernetes"
version = "12.0.1"
description = "Kubernetes python client"
category = "dev"
optional = false
python-versions = "*"

[package.dependencies]
certifi = ">=14.05.14"
google-auth = ">=1.0.1"
python-dateutil = ">=2.5.3"
pyyaml = ">=3.12"
requests = "*"
requests-oauthlib = "*"
setuptools = ">=21.0.0"
six = ">=1.9.0"
urllib3 = ">=1.24.2"
websocket-client = ">=0.32.0,<0.40.0 || >0.40.0,<0.41.0 || >=0.43.0"

[package.extras]
adal = ["adal (>=1.0.2)"]

[[package]]
name = "livereload"
version = "2.6.3"
description = "Python LiveReload is an awesome tool for web developers"
category = "dev"
optional = false
python-versions = "*"

[package.dependencies]
six = "*"
tornado = {version = "*", markers = "python_version > \"2.7\""}

[[package]]
name = "manhole"
version = "1.8.0"
description = "Manhole is in-process service that will accept unix domain socket connections and present the"
category = "dev"
optional = true
python-versions = ">=2.7, !=3.0.*, !=3.1.*, !=3.2.*, !=3.3.*, !=3.4.*"

[[package]]
name = "markdown2"
version = "2.4.3"
description = "A fast and complete Python implementation of Markdown"
category = "dev"
optional = false
python-versions = ">=3.5, <4"

[[package]]
name = "markupsafe"
version = "2.0.1"
description = "Safely add untrusted strings to HTML/XML markup."
category = "dev"
optional = false
python-versions = ">=3.6"

[[package]]
name = "mypy-extensions"
version = "0.4.3"
description = "Experimental type system extensions for programs checked with the mypy typechecker."
category = "dev"
optional = false
python-versions = "*"

[[package]]
name = "nodeenv"
version = "1.7.0"
description = "Node.js virtual environment builder"
category = "dev"
optional = false
python-versions = ">=2.7,!=3.0.*,!=3.1.*,!=3.2.*,!=3.3.*,!=3.4.*,!=3.5.*,!=3.6.*"

[package.dependencies]
setuptools = "*"

[[package]]
name = "numpy"
version = "1.21.1"
description = "NumPy is the fundamental package for array computing with Python."
category = "dev"
optional = true
python-versions = ">=3.7"

[[package]]
name = "oauthlib"
version = "3.2.0"
description = "A generic, spec-compliant, thorough implementation of the OAuth request-signing logic"
category = "dev"
optional = false
python-versions = ">=3.6"

[package.extras]
rsa = ["cryptography (>=3.0.0)"]
signals = ["blinker (>=1.4.0)"]
signedtoken = ["cryptography (>=3.0.0)", "pyjwt (>=2.0.0,<3)"]

[[package]]
name = "opsgenie-sdk"
version = "2.1.5"
description = "Python SDK for Opsgenie REST API"
category = "dev"
optional = false
python-versions = "*"

[package.dependencies]
certifi = "*"
python-dateutil = "*"
setuptools = ">=21.0.0"
six = ">=1.10"
tenacity = ">=5.0.4"
urllib3 = ">=1.26.5"

[[package]]
name = "packaging"
version = "21.3"
description = "Core utilities for Python packages"
category = "dev"
optional = false
python-versions = ">=3.6"

[package.dependencies]
pyparsing = ">=2.0.2,<3.0.5 || >3.0.5"

[[package]]
name = "pandas"
version = "1.3.5"
description = "Powerful data structures for data analysis, time series, and statistics"
category = "dev"
optional = true
python-versions = ">=3.7.1"

[package.dependencies]
numpy = [
    {version = ">=1.17.3", markers = "platform_machine != \"aarch64\" and platform_machine != \"arm64\" and python_version < \"3.10\""},
    {version = ">=1.19.2", markers = "platform_machine == \"aarch64\" and python_version < \"3.10\""},
    {version = ">=1.20.0", markers = "platform_machine == \"arm64\" and python_version < \"3.10\""},
    {version = ">=1.21.0", markers = "python_version >= \"3.10\""},
]
python-dateutil = ">=2.7.3"
pytz = ">=2017.3"

[package.extras]
test = ["hypothesis (>=3.58)", "pytest (>=6.0)", "pytest-xdist"]

[[package]]
name = "pathspec"
version = "0.9.0"
description = "Utility library for gitignore style pattern matching of file paths."
category = "dev"
optional = false
python-versions = "!=3.0.*,!=3.1.*,!=3.2.*,!=3.3.*,!=3.4.*,>=2.7"

[[package]]
name = "pillow"
version = "9.2.0"
description = "Python Imaging Library (Fork)"
category = "dev"
optional = false
python-versions = ">=3.7"

[package.extras]
docs = ["furo", "olefile", "sphinx (>=2.4)", "sphinx-copybutton", "sphinx-issues (>=3.0.1)", "sphinx-removed-in", "sphinxext-opengraph"]
tests = ["check-manifest", "coverage", "defusedxml", "markdown2", "olefile", "packaging", "pyroma", "pytest", "pytest-cov", "pytest-timeout"]

[[package]]
name = "platformdirs"
version = "2.5.2"
description = "A small Python module for determining appropriate platform-specific dirs, e.g. a \"user data dir\"."
category = "dev"
optional = false
python-versions = ">=3.7"

[package.extras]
docs = ["furo (>=2021.7.5b38)", "proselint (>=0.10.2)", "sphinx-autodoc-typehints (>=1.12)", "sphinx (>=4)"]
test = ["appdirs (==1.4.4)", "pytest-cov (>=2.7)", "pytest-mock (>=3.6)", "pytest (>=6)"]

[[package]]
name = "pluggy"
version = "1.0.0"
description = "plugin and hook calling mechanisms for python"
category = "dev"
optional = true
python-versions = ">=3.6"

[package.dependencies]
importlib-metadata = {version = ">=0.12", markers = "python_version < \"3.8\""}

[package.extras]
testing = ["pytest-benchmark", "pytest"]
dev = ["tox", "pre-commit"]

[[package]]
name = "poetry-core"
version = "1.1.0a7"
description = "Poetry PEP 517 Build Backend"
category = "dev"
optional = false
python-versions = ">=3.7,<4.0"

[package.dependencies]
importlib-metadata = {version = ">=1.7.0", markers = "python_version < \"3.8\""}

[[package]]
name = "postgrest-py"
version = "0.4.0"
description = "PostgREST client for Python. This library provides an ORM interface to PostgREST."
category = "dev"
optional = true
python-versions = ">=3.7,<4.0"

[package.dependencies]
deprecation = ">=2.1.0,<3.0.0"
httpx = ">=0.16.1,<0.17.0"

[[package]]
name = "pre-commit"
version = "2.20.0"
description = "A framework for managing and maintaining multi-language pre-commit hooks."
category = "dev"
optional = false
python-versions = ">=3.7"

[package.dependencies]
cfgv = ">=2.0.0"
identify = ">=1.0.0"
importlib-metadata = {version = "*", markers = "python_version < \"3.8\""}
nodeenv = ">=0.11.1"
pyyaml = ">=5.1"
toml = "*"
virtualenv = ">=20.0.8"

[[package]]
name = "prometheus-api-client"
version = "0.4.2"
description = "A small python api to collect data from prometheus"
category = "dev"
optional = true
python-versions = "*"

[package.dependencies]
dateparser = "*"
numpy = "*"
pandas = ">=1.0.0"
requests = "*"

[[package]]
name = "prometheus-client"
version = "0.12.0"
description = "Python client for the Prometheus monitoring system."
category = "dev"
optional = false
python-versions = ">=2.7, !=3.0.*, !=3.1.*, !=3.2.*, !=3.3.*"

[package.extras]
twisted = ["twisted"]

[[package]]
name = "py"
version = "1.11.0"
description = "library with cross-python path, ini-parsing, io, code, log facilities"
category = "dev"
optional = true
python-versions = ">=2.7, !=3.0.*, !=3.1.*, !=3.2.*, !=3.3.*, !=3.4.*"

[[package]]
name = "pyasn1"
version = "0.4.8"
description = "ASN.1 types and codecs"
category = "dev"
optional = false
python-versions = "*"

[[package]]
name = "pyasn1-modules"
version = "0.2.8"
description = "A collection of ASN.1-based protocols modules."
category = "dev"
optional = false
python-versions = "*"

[package.dependencies]
pyasn1 = ">=0.4.6,<0.5.0"

[[package]]
name = "pycodestyle"
version = "2.9.1"
description = "Python style guide checker"
category = "dev"
optional = false
python-versions = ">=3.6"

[[package]]
name = "pycparser"
version = "2.21"
description = "C parser in Python"
category = "dev"
optional = true
python-versions = ">=2.7, !=3.0.*, !=3.1.*, !=3.2.*, !=3.3.*"

[[package]]
name = "pydantic"
version = "1.9.1"
description = "Data validation and settings management using python type hints"
category = "dev"
optional = false
python-versions = ">=3.6.1"

[package.dependencies]
typing-extensions = ">=3.7.4.3"

[package.extras]
dotenv = ["python-dotenv (>=0.10.4)"]
email = ["email-validator (>=1.0.3)"]

[[package]]
name = "pygal"
version = "3.0.0"
description = "A Python svg graph plotting library"
category = "dev"
optional = false
python-versions = "*"

[package.extras]
test = ["pytest", "pytest-isort", "pytest-flake8", "pytest-cov", "pytest-runner", "coveralls", "pygal-maps-ch", "pygal-maps-fr", "pygal-maps-world", "lxml", "cairosvg", "flask", "pyquery"]
png = ["cairosvg"]
lxml = ["lxml"]
docs = ["pygal-sphinx-directives", "sphinx-rtd-theme", "sphinx"]

[[package]]
name = "pygments"
version = "2.12.0"
description = "Pygments is a syntax highlighting package written in Python."
category = "dev"
optional = false
python-versions = ">=3.6"

[[package]]
name = "pymsteams"
version = "0.1.16"
description = "Format messages and post to Microsoft Teams."
category = "dev"
optional = false
python-versions = ">=2.7"

[package.dependencies]
requests = ">=2.20.0"

[[package]]
name = "pyparsing"
version = "3.0.9"
description = "pyparsing module - Classes and methods to define and execute parsing grammars"
category = "dev"
optional = true
python-versions = ">=3.6.8"

[package.extras]
diagrams = ["railroad-diagrams", "jinja2"]

[[package]]
name = "pytest"
version = "6.2.5"
description = "pytest: simple powerful testing with Python"
category = "dev"
optional = false
python-versions = ">=3.6"

[package.dependencies]
atomicwrites = {version = ">=1.0", markers = "sys_platform == \"win32\""}
attrs = ">=19.2.0"
colorama = {version = "*", markers = "sys_platform == \"win32\""}
importlib-metadata = {version = ">=0.12", markers = "python_version < \"3.8\""}
iniconfig = "*"
packaging = "*"
pluggy = ">=0.12,<2.0"
py = ">=1.8.2"
toml = "*"

[package.extras]
testing = ["argcomplete", "hypothesis (>=3.56)", "mock", "nose", "requests", "xmlschema"]

[[package]]
name = "python-dateutil"
version = "2.8.2"
description = "Extensions to the standard Python datetime module"
category = "dev"
optional = false
python-versions = "!=3.0.*,!=3.1.*,!=3.2.*,>=2.7"

[package.dependencies]
six = ">=1.5"

[[package]]
name = "python-dotenv"
version = "0.18.0"
description = "Read key-value pairs from a .env file and set them as environment variables"
category = "dev"
optional = false
python-versions = "*"

[package.extras]
cli = ["click (>=5.0)"]

[[package]]
name = "pytz"
version = "2021.3"
description = "World timezone definitions, modern and historical"
category = "dev"
optional = false
python-versions = "*"

[[package]]
name = "pytz-deprecation-shim"
version = "0.1.0.post0"
description = "Shims to make deprecation of pytz easier"
category = "dev"
optional = true
python-versions = "!=3.0.*,!=3.1.*,!=3.2.*,!=3.3.*,!=3.4.*,!=3.5.*,>=2.7"

[package.dependencies]
"backports.zoneinfo" = {version = "*", markers = "python_version >= \"3.6\" and python_version < \"3.9\""}
tzdata = {version = "*", markers = "python_version >= \"3.6\""}

[[package]]
name = "pyyaml"
version = "6.0"
description = "YAML parser and emitter for Python"
category = "dev"
optional = false
python-versions = ">=3.6"

[[package]]
name = "realtime-py"
version = "0.1.3"
description = ""
category = "dev"
optional = true
python-versions = ">=3.7,<4.0"

[package.dependencies]
dataclasses = ">=0.6,<0.7"
python-dateutil = ">=2.8.1,<3.0.0"
websockets = ">=9.1,<10.0"

[[package]]
name = "regex"
version = "2022.3.2"
description = "Alternative regular expression module, to replace re."
category = "dev"
optional = false
python-versions = ">=3.6"

[[package]]
name = "requests"
version = "2.25.1"
description = "Python HTTP for Humans."
category = "dev"
optional = false
python-versions = ">=2.7, !=3.0.*, !=3.1.*, !=3.2.*, !=3.3.*, !=3.4.*"

[package.dependencies]
certifi = ">=2017.4.17"
chardet = ">=3.0.2,<5"
idna = ">=2.5,<3"
urllib3 = ">=1.21.1,<1.27"

[package.extras]
security = ["pyOpenSSL (>=0.14)", "cryptography (>=1.3.4)"]
socks = ["PySocks (>=1.5.6,!=1.5.7)", "win-inet-pton"]

[[package]]
name = "requests-oauthlib"
version = "1.3.1"
description = "OAuthlib authentication support for Requests."
category = "dev"
optional = false
python-versions = ">=2.7, !=3.0.*, !=3.1.*, !=3.2.*, !=3.3.*"

[package.dependencies]
oauthlib = ">=3.0.0"
requests = ">=2.0.0"

[package.extras]
rsa = ["oauthlib[signedtoken] (>=3.0.0)"]

[[package]]
name = "rfc3986"
version = "1.5.0"
description = "Validating URI References per RFC 3986"
category = "dev"
optional = true
python-versions = "*"

[package.dependencies]
idna = {version = "*", optional = true, markers = "extra == \"idna2008\""}

[package.extras]
idna2008 = ["idna"]

[[package]]
name = "rsa"
version = "4.9"
description = "Pure-Python RSA implementation"
category = "dev"
optional = false
python-versions = ">=3.6,<4"

[package.dependencies]
pyasn1 = ">=0.1.3"

[[package]]
name = "ruamel-yaml"
version = "0.17.21"
description = "ruamel.yaml is a YAML parser/emitter that supports roundtrip preservation of comments, seq/map flow style, and map key order"
category = "dev"
optional = false
python-versions = ">=3"

[package.dependencies]
"ruamel.yaml.clib" = {version = ">=0.2.6", markers = "platform_python_implementation == \"CPython\" and python_version < \"3.11\""}

[package.extras]
docs = ["ryd"]
jinja2 = ["ruamel.yaml.jinja2 (>=0.2)"]

[[package]]
name = "ruamel-yaml-clib"
version = "0.2.6"
description = "C version of reader, parser and emitter for ruamel.yaml derived from libyaml"
category = "dev"
optional = false
python-versions = ">=3.5"

[[package]]
name = "sentry-sdk"
version = "1.9.2"
description = "Python client for Sentry (https://sentry.io)"
category = "dev"
optional = true
python-versions = "*"

[package.dependencies]
certifi = "*"
urllib3 = [
    {version = ">=1.26.9", markers = "python_version >= \"3.5\""},
    {version = ">=1.26.11", markers = "python_version >= \"3.6\""},
]

[package.extras]
aiohttp = ["aiohttp (>=3.5)"]
beam = ["apache-beam (>=2.12)"]
bottle = ["bottle (>=0.12.13)"]
celery = ["celery (>=3)"]
chalice = ["chalice (>=1.16.0)"]
django = ["django (>=1.8)"]
falcon = ["falcon (>=1.4)"]
fastapi = ["fastapi (>=0.79.0)"]
flask = ["flask (>=0.11)", "blinker (>=1.1)"]
httpx = ["httpx (>=0.16.0)"]
pure_eval = ["pure-eval", "executing", "asttokens"]
pyspark = ["pyspark (>=2.4.4)"]
quart = ["quart (>=0.16.1)", "blinker (>=1.1)"]
rq = ["rq (>=0.6)"]
sanic = ["sanic (>=0.8)"]
sqlalchemy = ["sqlalchemy (>=1.2)"]
starlette = ["starlette (>=0.19.1)"]
tornado = ["tornado (>=5)"]

[[package]]
name = "setuptools"
version = "63.4.2"
description = "Easily download, build, install, upgrade, and uninstall Python packages"
category = "dev"
optional = false
python-versions = ">=3.7"

[package.extras]
testing = ["pip (>=19.1)", "pytest (>=6)", "pytest-checkdocs (>=2.4)", "pytest-flake8", "flake8 (<5)", "pytest-enabler (>=1.3)", "pytest-perf", "mock", "flake8-2020", "virtualenv (>=13.0.0)", "wheel", "jaraco.envs (>=2.2)", "pytest-xdist", "jaraco.path (>=3.2.0)", "build", "filelock (>=3.4.0)", "pip-run (>=8.8)", "ini2toml[lite] (>=0.9)", "tomli-w (>=1.0.0)", "pytest-black (>=0.3.7)", "pytest-cov", "pytest-mypy (>=0.9.1)"]
docs = ["sphinx", "jaraco.packaging (>=9)", "rst.linker (>=1.9)", "jaraco.tidelift (>=1.4)", "sphinx-notfound-page (==0.8.3)", "sphinx-hoverxref (<2)", "pygments-github-lexers (==0.0.5)", "sphinx-favicon", "sphinx-inline-tabs", "sphinx-reredirects", "sphinxcontrib-towncrier", "furo"]
testing-integration = ["pytest", "pytest-xdist", "pytest-enabler", "virtualenv (>=13.0.0)", "tomli", "wheel", "jaraco.path (>=3.2.0)", "jaraco.envs (>=2.2)", "build", "filelock (>=3.4.0)"]

[[package]]
name = "six"
version = "1.16.0"
description = "Python 2 and 3 compatibility utilities"
category = "dev"
optional = false
python-versions = ">=2.7, !=3.0.*, !=3.1.*, !=3.2.*"

[[package]]
name = "slack-sdk"
version = "3.18.1"
description = "The Slack API Platform SDK for Python"
category = "dev"
optional = false
python-versions = ">=3.6.0"

[package.extras]
optional = ["aiodns (>1.0)", "aiohttp (>=3.7.3,<4)", "boto3 (<=2)", "SQLAlchemy (>=1,<2)", "websockets (>=10,<11)", "websocket-client (>=1,<2)"]
testing = ["pytest (>=6.2.5,<7)", "pytest-asyncio (<1)", "Flask-Sockets (>=0.2,<1)", "Flask (>=1,<2)", "Werkzeug (<2)", "itsdangerous (==1.1.0)", "Jinja2 (==3.0.3)", "pytest-cov (>=2,<3)", "codecov (>=2,<3)", "flake8 (>=4,<5)", "black (==22.3.0)", "click (==8.0.4)", "psutil (>=5,<6)", "databases (>=0.5)", "boto3 (<=2)", "moto (>=3,<4)"]

[[package]]
name = "sniffio"
version = "1.2.0"
description = "Sniff out which async library your code is running under"
category = "dev"
optional = true
python-versions = ">=3.5"

[[package]]
name = "snowballstemmer"
version = "2.2.0"
description = "This package provides 29 stemmers for 28 languages generated from Snowball algorithms."
category = "dev"
optional = false
python-versions = "*"

[[package]]
name = "soupsieve"
version = "2.3.2.post1"
description = "A modern CSS selector implementation for Beautiful Soup."
category = "dev"
optional = false
python-versions = ">=3.6"

[[package]]
name = "sphinx"
version = "4.5.0"
description = "Python documentation generator"
category = "dev"
optional = false
python-versions = ">=3.6"

[package.dependencies]
alabaster = ">=0.7,<0.8"
babel = ">=1.3"
colorama = {version = ">=0.3.5", markers = "sys_platform == \"win32\""}
docutils = ">=0.14,<0.18"
imagesize = "*"
importlib-metadata = {version = ">=4.4", markers = "python_version < \"3.10\""}
Jinja2 = ">=2.3"
packaging = "*"
Pygments = ">=2.0"
requests = ">=2.5.0"
snowballstemmer = ">=1.1"
sphinxcontrib-applehelp = "*"
sphinxcontrib-devhelp = "*"
sphinxcontrib-htmlhelp = ">=2.0.0"
sphinxcontrib-jsmath = "*"
sphinxcontrib-qthelp = "*"
sphinxcontrib-serializinghtml = ">=1.1.5"

[package.extras]
docs = ["sphinxcontrib-websupport"]
lint = ["flake8 (>=3.5.0)", "isort", "mypy (>=0.931)", "docutils-stubs", "types-typed-ast", "types-requests"]
test = ["pytest", "pytest-cov", "html5lib", "cython", "typed-ast"]

[[package]]
name = "sphinx-autobuild"
version = "2021.3.14"
description = "Rebuild Sphinx documentation on changes, with live-reload in the browser."
category = "dev"
optional = false
python-versions = ">=3.6"

[package.dependencies]
colorama = "*"
livereload = "*"
sphinx = "*"

[package.extras]
test = ["pytest", "pytest-cov"]

[[package]]
name = "sphinx-autodoc-typehints"
version = "1.19.1"
description = "Type hints (PEP 484) support for the Sphinx autodoc extension"
category = "dev"
optional = false
python-versions = ">=3.7"

[package.dependencies]
Sphinx = ">=4.5"

[package.extras]
testing = ["covdefaults (>=2.2)", "coverage (>=6.3)", "diff-cover (>=6.4)", "nptyping (>=2.1.2)", "pytest (>=7.1)", "pytest-cov (>=3)", "sphobjinv (>=2)", "typing-extensions (>=4.1)"]
type_comments = ["typed-ast (>=1.5.2)"]

[[package]]
name = "sphinx-copybutton"
version = "0.4.0"
description = "Add a copy button to each of your code cells."
category = "dev"
optional = false
python-versions = ">=3.6"

[package.dependencies]
sphinx = ">=1.8"

[package.extras]
rtd = ["sphinx-book-theme", "ipython", "sphinx"]
code_style = ["pre-commit (==2.12.1)"]

[[package]]
name = "sphinx-design"
version = "0.0.13"
description = "A sphinx extension for designing beautiful, view size responsive web components."
category = "dev"
optional = false
python-versions = "~=3.6"

[package.dependencies]
sphinx = ">=3,<5"

[package.extras]
theme_sbt = ["sphinx-book-theme (>=0.1.2,<0.2.0)"]
theme_rtd = ["sphinx-rtd-theme (>=0.5.0,<0.6.0)"]
theme_pydata = ["pydata-sphinx-theme (>=0.6.0,<0.7.0)"]
theme_furo = ["furo (==2021.7.5b38)"]
testing = ["pytest-regressions", "pytest-cov", "pytest (>=6.2,<7.0)", "myst-parser (>=0.15.0,<0.16.0)"]
rtd = ["myst-parser (>=0.15.0,<0.16.0)"]
code_style = ["pre-commit (>=2.12,<3.0)"]

[[package]]
name = "sphinxcontrib-applehelp"
version = "1.0.2"
description = "sphinxcontrib-applehelp is a sphinx extension which outputs Apple help books"
category = "dev"
optional = false
python-versions = ">=3.5"

[package.extras]
test = ["pytest"]
lint = ["docutils-stubs", "mypy", "flake8"]

[[package]]
name = "sphinxcontrib-devhelp"
version = "1.0.2"
description = "sphinxcontrib-devhelp is a sphinx extension which outputs Devhelp document."
category = "dev"
optional = false
python-versions = ">=3.5"

[package.extras]
test = ["pytest"]
lint = ["docutils-stubs", "mypy", "flake8"]

[[package]]
name = "sphinxcontrib-htmlhelp"
version = "2.0.0"
description = "sphinxcontrib-htmlhelp is a sphinx extension which renders HTML help files"
category = "dev"
optional = false
python-versions = ">=3.6"

[package.extras]
test = ["html5lib", "pytest"]
lint = ["docutils-stubs", "mypy", "flake8"]

[[package]]
name = "sphinxcontrib-images"
version = "0.9.4"
description = "Sphinx extension for thumbnails"
category = "dev"
optional = false
python-versions = "*"

[package.dependencies]
requests = ">2.2,<3"
sphinx = {version = ">=2.0", markers = "python_version >= \"3.0\""}

[[package]]
name = "sphinxcontrib-jsmath"
version = "1.0.1"
description = "A sphinx extension which renders display math in HTML via JavaScript"
category = "dev"
optional = false
python-versions = ">=3.5"

[package.extras]
test = ["mypy", "flake8", "pytest"]

[[package]]
name = "sphinxcontrib-mermaid"
version = "0.7.1"
description = "Mermaid diagrams in yours Sphinx powered docs"
category = "dev"
optional = false
python-versions = "*"

[[package]]
name = "sphinxcontrib-qthelp"
version = "1.0.3"
description = "sphinxcontrib-qthelp is a sphinx extension which outputs QtHelp document."
category = "dev"
optional = false
python-versions = ">=3.5"

[package.extras]
test = ["pytest"]
lint = ["docutils-stubs", "mypy", "flake8"]

[[package]]
name = "sphinxcontrib-serializinghtml"
version = "1.1.5"
description = "sphinxcontrib-serializinghtml is a sphinx extension which outputs \"serialized\" HTML files (json and pickle)."
category = "dev"
optional = false
python-versions = ">=3.5"

[package.extras]
lint = ["flake8", "mypy", "docutils-stubs"]
test = ["pytest"]

[[package]]
name = "supabase-py"
version = "0.0.2"
description = "Supabase client for Python."
category = "dev"
optional = true
python-versions = ">=3.7.1,<4.0.0"

[package.dependencies]
gotrue = "0.2.0"
postgrest-py = "0.4.0"
pytest = ">=6,<7"
realtime-py = ">=0.1.2,<0.2.0"
requests = "2.25.1"

[[package]]
name = "tabulate"
version = "0.8.10"
description = "Pretty-print tabular data"
category = "dev"
optional = false
python-versions = ">=2.7, !=3.0.*, !=3.1.*, !=3.2.*, !=3.3.*, !=3.4.*"

[package.extras]
widechars = ["wcwidth"]

[[package]]
name = "tenacity"
version = "8.0.1"
description = "Retry code until it succeeds"
category = "dev"
optional = false
python-versions = ">=3.6"

[package.extras]
doc = ["reno", "sphinx", "tornado (>=4.5)"]

[[package]]
name = "tinycss"
version = "0.4"
description = "tinycss is a complete yet simple CSS parser for Python."
category = "dev"
optional = false
python-versions = "*"

[package.extras]
test = ["pytest-runner", "pytest-cov", "pytest-flake8", "pytest-isort"]

[[package]]
name = "tinycss2"
version = "1.1.1"
description = "A tiny CSS parser"
category = "dev"
optional = true
python-versions = ">=3.6"

[package.dependencies]
webencodings = ">=0.4"

[package.extras]
test = ["coverage", "pytest-isort", "pytest-flake8", "pytest-cov", "pytest"]
doc = ["sphinx-rtd-theme", "sphinx"]

[[package]]
name = "toml"
version = "0.10.2"
description = "Python Library for Tom's Obvious, Minimal Language"
category = "dev"
optional = false
python-versions = ">=2.6, !=3.0.*, !=3.1.*, !=3.2.*"

[[package]]
name = "tornado"
version = "6.2"
description = "Tornado is a Python web framework and asynchronous networking library, originally developed at FriendFeed."
category = "dev"
optional = false
python-versions = ">= 3.7"

[[package]]
name = "typed-ast"
version = "1.5.4"
description = "a fork of Python 2 and 3 ast modules with type comment support"
category = "dev"
optional = false
python-versions = ">=3.6"

[[package]]
name = "typer"
version = "0.4.2"
description = "Typer, build great CLIs. Easy to code. Based on Python type hints."
category = "dev"
optional = false
python-versions = ">=3.6"

[package.dependencies]
click = ">=7.1.1,<9.0.0"

[package.extras]
test = ["isort (>=5.0.6,<6.0.0)", "black (>=22.3.0,<23.0.0)", "mypy (==0.910)", "pytest-sugar (>=0.9.4,<0.10.0)", "pytest-xdist (>=1.32.0,<2.0.0)", "coverage (>=5.2,<6.0)", "pytest-cov (>=2.10.0,<3.0.0)", "pytest (>=4.4.0,<5.4.0)", "shellingham (>=1.3.0,<2.0.0)"]
doc = ["mdx-include (>=1.4.1,<2.0.0)", "mkdocs-material (>=8.1.4,<9.0.0)", "mkdocs (>=1.1.2,<2.0.0)"]
dev = ["pre-commit (>=2.17.0,<3.0.0)", "flake8 (>=3.8.3,<4.0.0)", "autoflake (>=1.3.1,<2.0.0)"]
all = ["shellingham (>=1.3.0,<2.0.0)", "colorama (>=0.4.3,<0.5.0)"]

[[package]]
name = "typing-extensions"
version = "4.3.0"
description = "Backported and Experimental Type Hints for Python 3.7+"
category = "dev"
optional = false
python-versions = ">=3.7"

[[package]]
name = "tzdata"
version = "2022.1"
description = "Provider of IANA time zone data"
category = "dev"
optional = true
python-versions = ">=2"

[[package]]
name = "tzlocal"
version = "4.2"
description = "tzinfo object for the local timezone"
category = "dev"
optional = true
python-versions = ">=3.6"

[package.dependencies]
"backports.zoneinfo" = {version = "*", markers = "python_version < \"3.9\""}
pytz-deprecation-shim = "*"
tzdata = {version = "*", markers = "platform_system == \"Windows\""}

[package.extras]
devenv = ["black", "pyroma", "pytest-cov", "zest-releaser"]
test = ["pytest-mock (>=3.3)", "pytest (>=4.3)"]

[[package]]
name = "urllib3"
version = "1.26.11"
description = "HTTP library with thread-safe connection pooling, file post, and more."
category = "dev"
optional = false
python-versions = ">=2.7, !=3.0.*, !=3.1.*, !=3.2.*, !=3.3.*, !=3.4.*, !=3.5.*, <4"

[package.extras]
brotli = ["brotlicffi (>=0.8.0)", "brotli (>=1.0.9)", "brotlipy (>=0.6.0)"]
secure = ["pyOpenSSL (>=0.14)", "cryptography (>=1.3.4)", "idna (>=2.0.0)", "certifi", "ipaddress"]
socks = ["PySocks (>=1.5.6,!=1.5.7,<2.0)"]

[[package]]
name = "virtualenv"
version = "20.16.3"
description = "Virtual Python Environment builder"
category = "dev"
optional = false
python-versions = ">=3.6"

[package.dependencies]
distlib = ">=0.3.5,<1"
filelock = ">=3.4.1,<4"
importlib-metadata = {version = ">=4.8.3", markers = "python_version < \"3.8\""}
platformdirs = ">=2.4,<3"

[package.extras]
docs = ["proselint (>=0.13)", "sphinx (>=5.1.1)", "sphinx-argparse (>=0.3.1)", "sphinx-rtd-theme (>=1)", "towncrier (>=21.9)"]
testing = ["coverage (>=6.2)", "coverage-enable-subprocess (>=1)", "flaky (>=3.7)", "packaging (>=21.3)", "pytest (>=7.0.1)", "pytest-env (>=0.6.2)", "pytest-freezegun (>=0.4.2)", "pytest-mock (>=3.6.1)", "pytest-randomly (>=3.10.3)", "pytest-timeout (>=2.1)"]

[[package]]
name = "watchdog"
version = "2.1.9"
description = "Filesystem events monitoring"
category = "dev"
optional = true
python-versions = ">=3.6"

[package.extras]
watchmedo = ["PyYAML (>=3.10)"]

[[package]]
name = "watchgod"
version = "0.7"
description = "Simple, modern file watching and code reload in python."
category = "dev"
optional = false
python-versions = ">=3.5"

[[package]]
name = "webencodings"
version = "0.5.1"
description = "Character encoding aliases for legacy web content"
category = "dev"
optional = true
python-versions = "*"

[[package]]
name = "websocket-client"
version = "1.3.3"
description = "WebSocket client for Python with low level API options"
category = "dev"
optional = false
python-versions = ">=3.7"

[package.extras]
docs = ["Sphinx (>=3.4)", "sphinx-rtd-theme (>=0.5)"]
optional = ["python-socks", "wsaccel"]
test = ["websockets"]

[[package]]
name = "websockets"
version = "9.1"
description = "An implementation of the WebSocket Protocol (RFC 6455 & 7692)"
category = "dev"
optional = true
python-versions = ">=3.6.1"

[[package]]
name = "werkzeug"
version = "1.0.1"
description = "The comprehensive WSGI web application library."
category = "dev"
optional = true
python-versions = ">=2.7, !=3.0.*, !=3.1.*, !=3.2.*, !=3.3.*, !=3.4.*"

[package.extras]
watchdog = ["watchdog"]
dev = ["sphinx-issues", "pallets-sphinx-themes", "sphinx", "tox", "coverage", "pytest-timeout", "pytest"]

[[package]]
name = "witchhazel"
version = "2018.8.23"
description = "A dark & feminine color scheme for Pygments"
category = "dev"
optional = false
python-versions = "*"

[[package]]
name = "zipp"
version = "3.8.1"
description = "Backport of pathlib-compatible object wrapper for zip files"
category = "dev"
optional = true
python-versions = ">=3.7"

[package.extras]
docs = ["sphinx", "jaraco.packaging (>=9)", "rst.linker (>=1.9)", "jaraco.tidelift (>=1.4)"]
testing = ["pytest (>=6)", "pytest-checkdocs (>=2.4)", "pytest-flake8", "pytest-cov", "pytest-enabler (>=1.3)", "jaraco-itertools", "func-timeout", "pytest-black (>=0.3.7)", "pytest-mypy (>=0.9.1)"]

[extras]
all = ["Flask", "grafana-api", "manhole", "watchdog", "dulwich", "better-exceptions", "CairoSVG", "tabulate", "kafka-python", "prometheus-api-client", "supabase-py", "datadog-api-client", "sentry-sdk", "poetry-core"]

[metadata]
lock-version = "1.1"
python-versions = "^3.7.1"
content-hash = "1cc6d00763b78da23b2d6460a2ec2c665c749a0227d05f4f9c566622604d273c"

[metadata.files]
alabaster = []
appdirs = []
atomicwrites = []
attrs = []
autopep8 = []
babel = []
backports-zoneinfo = []
beautifulsoup4 = []
better-exceptions = []
black = []
cachetools = []
cairocffi = []
cairosvg = []
certifi = []
cffi = []
cfgv = []
chardet = []
click = []
click-spinner = []
colorama = []
colorlog = []
cryptography = []
cssselect = []
cssselect2 = []
dataclasses = []
datadog-api-client = []
dateparser = []
defusedxml = []
deprecation = []
distlib = []
docutils = []
dpath = []
dulwich = []
filelock = []
flask = []
furo = []
google-auth = []
gotrue = []
grafana-api = []
h11 = []
hikaru = []
httpcore = []
httpx = []
humanize = []
identify = []
idna = []
imagesize = []
importlib-metadata = []
iniconfig = []
itsdangerous = []
jinja2 = []
jsonref = []
kafka-python = []
kubernetes = []
livereload = []
manhole = []
markdown2 = []
markupsafe = []
mypy-extensions = []
nodeenv = []
numpy = []
oauthlib = []
opsgenie-sdk = []
packaging = []
pandas = []
pathspec = []
pillow = []
platformdirs = []
pluggy = []
poetry-core = []
postgrest-py = []
pre-commit = []
prometheus-api-client = []
prometheus-client = []
py = []
pyasn1 = []
pyasn1-modules = []
pycodestyle = []
pycparser = []
pydantic = []
pygal = []
pygments = []
pymsteams = []
pyparsing = []
pytest = []
python-dateutil = []
python-dotenv = []
pytz = []
pytz-deprecation-shim = []
pyyaml = []
realtime-py = []
regex = []
requests = []
requests-oauthlib = []
rfc3986 = []
rsa = []
ruamel-yaml = []
ruamel-yaml-clib = []
sentry-sdk = []
setuptools = []
six = []
slack-sdk = []
sniffio = []
snowballstemmer = []
soupsieve = []
sphinx = []
sphinx-autobuild = []
sphinx-autodoc-typehints = []
sphinx-copybutton = []
sphinx-design = []
sphinxcontrib-applehelp = []
sphinxcontrib-devhelp = []
sphinxcontrib-htmlhelp = []
sphinxcontrib-images = []
sphinxcontrib-jsmath = []
sphinxcontrib-mermaid = []
sphinxcontrib-qthelp = []
sphinxcontrib-serializinghtml = []
supabase-py = []
tabulate = []
tenacity = []
tinycss = []
tinycss2 = []
toml = []
tornado = []
typed-ast = []
typer = []
typing-extensions = []
tzdata = []
tzlocal = []
urllib3 = []
virtualenv = []
watchdog = []
watchgod = []
webencodings = []
websocket-client = []
websockets = []
werkzeug = []
witchhazel = []
zipp = []
