dependencies:
- name: kube-prometheus-stack
  repository: https://prometheus-community.github.io/helm-charts
  version: 72.0.1
- name: holmes
  repository: https://robusta-charts.storage.googleapis.com
  version: 0.41.0
digest: sha256:f5bb0b21fbd60b1bd674188455b85731b99786d663a3e6cb036642af33875c2e
generated: "2026-09-08T15:37:32.562416+03:00"
