dependencies:
- name: kube-prometheus-stack
  repository: https://prometheus-community.github.io/helm-charts
  version: 55.7.0
- name: holmes
  repository: https://robusta-charts.storage.googleapis.com
  version: 0.10.5
digest: sha256:585b0f87371c4522d7628ca823bab33bc7afd255765adffc4e1d6f5ed3b0336b
generated: "2025-03-28T08:21:37.424735601+01:00"
