dependencies:
- name: kube-prometheus-stack
  repository: https://prometheus-community.github.io/helm-charts
  version: 55.7.0
- name: holmes
  repository: https://robusta-charts.storage.googleapis.com
  version: 0.8.1
digest: sha256:d82e73ecaf4357edecbe1077d87e09b22ddb20e412cd1b5c7e30d30b81b6b8af
generated: "2025-01-31T08:23:52.202086993+01:00"
