name: Test Poetry lock file

on: [push]

jobs:
    run_tests:
      runs-on: ubuntu-latest
      steps:
        - uses: actions/checkout@v2
        - name: Set up Python
          uses: actions/setup-python@v2
          with:
            python-version: 3.9

        # make sure lock file is synced.
        - name: Test lock file
          run: |
            curl -sSL https://install.python-poetry.org | python3 - --version 1.2.0b1 
            source $HOME/.poetry/env
            poetry config virtualenvs.create false
            poetry lock --check

